# IF THERE'S A GIT CONFLICT IN THIS FILE, DON'T SOLVE IT MANUALLY!
# INSTEAD EXECUTE `prisma lift fix`
# lift lockfile v1
# Read more about conflict resolution here: TODO

20191125115905-first-commit
20191125115944-archived-default-value
20191125184628-add-index-item
20191125201313-rename-to-positioning
20191212120917-add-is-expanded